
Microsoft Visual Studio Solution File, Format Version 12.00
# Visual Studio Version 16
VisualStudioVersion = 16.0.31515.178
MinimumVisualStudioVersion = 10.0.40219.1
Project("{FAE04EC0-301F-11D3-BF4B-00C04F79EFBC}") = "ToDoManage", "ToDoManage.csproj", "{B855C72D-4FE8-4E50-A244-9AF3F15B03E3}"
EndProject
Global
	GlobalSection(SolutionConfigurationPlatforms) = preSolution
		Debug|Any CPU = Debug|Any CPU
		Release|Any CPU = Release|Any CPU
	EndGlobalSection
	GlobalSection(ProjectConfigurationPlatforms) = postSolution
		{B855C72D-4FE8-4E50-A244-9AF3F15B03E3}.Debug|Any CPU.ActiveCfg = Debug|Any CPU
		{B855C72D-4FE8-4E50-A244-9AF3F15B03E3}.Debug|Any CPU.Build.0 = Debug|Any CPU
		{B855C72D-4FE8-4E50-A244-9AF3F15B03E3}.Release|Any CPU.ActiveCfg = Release|Any CPU
		{B855C72D-4FE8-4E50-A244-9AF3F15B03E3}.Release|Any CPU.Build.0 = Release|Any CPU
	EndGlobalSection
	GlobalSection(SolutionProperties) = preSolution
		HideSolutionNode = FALSE
	EndGlobalSection
	GlobalSection(ExtensibilityGlobals) = postSolution
		SolutionGuid = {924362CF-B1CF-4588-B0FD-10412621212A}
	EndGlobalSection
EndGlobal
